{
  "name": "node-server-sdk-example",
  "version": "1.0.0",
  "lockfileVersion": 3,
  "requires": true,
  "packages": {
    "": {
      "name": "node-server-sdk-example",
      "version": "1.0.0",
      "license": "ISC",
      "dependencies": {
        "@lekko/node-server-sdk": "^0.0.6"
      }
    },
    "node_modules/@buf/lekkodev_sdk.bufbuild_es": {
      "version": "1.2.1-20230419225956-a6850760931c.1",
      "resolved": "https://buf.build/gen/npm/v1/@buf/lekkodev_sdk.bufbuild_es/-/lekkodev_sdk.bufbuild_es-1.2.1-20230419225956-a6850760931c.1.tgz",
      "peerDependencies": {
        "@bufbuild/protobuf": "^1.2.1"
      }
    },
    "node_modules/@bufbuild/connect": {
      "version": "0.8.6",
      "resolved": "https://registry.npmjs.org/@bufbuild/connect/-/connect-0.8.6.tgz",
      "integrity": "sha512-z9gW4hcQxCz7w0kjt1JyMp7VEQQdm7CYiZHvNq4vZtMbKOje2DC8kSb62XStHHd3AdoDZq1cb1s11F5TMSwZYw==",
      "peerDependencies": {
        "@bufbuild/protobuf": "^1.2.0"
      }
    },
    "node_modules/@bufbuild/connect-node": {
      "version": "0.8.6",
      "resolved": "https://registry.npmjs.org/@bufbuild/connect-node/-/connect-node-0.8.6.tgz",
      "integrity": "sha512-KqdLnQG5cTw4rieQdo6aioojY47UjwauhIcDIeQc+6GaeGLsT7Ftc+GWMZgsnEc/Jl5V1/NxBYnE2wN4EJUnGg==",
      "dependencies": {
        "@bufbuild/connect": "0.8.6",
        "headers-polyfill": "^3.1.2"
      },
      "engines": {
        "node": ">=16.0.0"
      },
      "peerDependencies": {
        "@bufbuild/protobuf": "^1.2.0"
      }
    },
    "node_modules/@bufbuild/connect-web": {
      "version": "0.9.1",
      "resolved": "https://registry.npmjs.org/@bufbuild/connect-web/-/connect-web-0.9.1.tgz",
      "integrity": "sha512-rQU2Aob68F9Olk5udbNO8qGdh49Iv374WJjjAYatqVDXhKIKIL0+2nUoYadjOnKS0D/hYETMotNuMvCuoLfgVQ==",
      "dependencies": {
        "@bufbuild/connect": "0.9.1"
      },
      "peerDependencies": {
        "@bufbuild/protobuf": "^1.2.0"
      }
    },
    "node_modules/@bufbuild/connect-web/node_modules/@bufbuild/connect": {
      "version": "0.9.1",
      "resolved": "https://registry.npmjs.org/@bufbuild/connect/-/connect-0.9.1.tgz",
      "integrity": "sha512-4O/PSMLWd3oQkwBuJBGBzFtPsnFC5dTRPGHFNFODna9wZJ6r45ccsOWsA4qXBL7gW2EKw93zRa0KVuge2dCOQQ==",
      "peerDependencies": {
        "@bufbuild/protobuf": "^1.2.0"
      }
    },
    "node_modules/@bufbuild/protobuf": {
      "version": "1.2.1",
      "resolved": "https://registry.npmjs.org/@bufbuild/protobuf/-/protobuf-1.2.1.tgz",
      "integrity": "sha512-cwwGvLGqvoaOZmoP5+i4v/rbW+rHkguvTehuZyM2p/xpmaNSdT2h3B7kHw33aiffv35t1XrYHIkdJSEkSEMJuA=="
    },
    "node_modules/@esbuild/darwin-arm64": {
      "version": "0.17.19",
      "resolved": "https://registry.npmjs.org/@esbuild/darwin-arm64/-/darwin-arm64-0.17.19.tgz",
      "integrity": "sha512-80wEoCfF/hFKM6WE1FyBHc9SfUblloAWx6FJkFWTWiCoht9Mc0ARGEM47e67W9rI09YoUxJL68WHfDRYEAvOhg==",
      "cpu": [
        "arm64"
      ],
      "optional": true,
      "os": [
        "darwin"
      ],
      "engines": {
        "node": ">=12"
      }
    },
    "node_modules/@lekko/node-server-sdk": {
      "version": "0.0.6",
      "resolved": "https://registry.npmjs.org/@lekko/node-server-sdk/-/node-server-sdk-0.0.6.tgz",
      "integrity": "sha512-NVLXJHgStob1uX3n5NdnS3q4uJ3fpGlnh+Ki95gxcEXUPtMnFkG/koOhiNz8H0m1oxrcpZd845u8N2ePrdDhQA==",
      "dependencies": {
        "@buf/lekkodev_sdk.bufbuild_connect-es": "^0.9.1-20230419225956-a6850760931c.1",
        "@bufbuild/connect": "^0.9.1",
        "@bufbuild/connect-node": "^0.8.5",
        "@bufbuild/connect-web": "^0.9.1",
        "@bufbuild/protobuf": "^1.2.0",
        "browser-or-node": "^2.1.1",
        "esbuild": "^0.17.17"
      }
    },
    "node_modules/@lekko/node-server-sdk/node_modules/@buf/lekkodev_sdk.bufbuild_connect-es": {
      "version": "0.9.1-20230419225956-a6850760931c.1",
      "resolved": "https://buf.build/gen/npm/v1/@buf/lekkodev_sdk.bufbuild_connect-es/-/lekkodev_sdk.bufbuild_connect-es-0.9.1-20230419225956-a6850760931c.1.tgz",
      "dependencies": {
        "@buf/lekkodev_sdk.bufbuild_es": "1.2.1-20230419225956-a6850760931c.1"
      },
      "peerDependencies": {
        "@bufbuild/connect": "^0.9.1"
      }
    },
    "node_modules/@lekko/node-server-sdk/node_modules/@bufbuild/connect": {
      "version": "0.9.1",
      "resolved": "https://registry.npmjs.org/@bufbuild/connect/-/connect-0.9.1.tgz",
      "integrity": "sha512-4O/PSMLWd3oQkwBuJBGBzFtPsnFC5dTRPGHFNFODna9wZJ6r45ccsOWsA4qXBL7gW2EKw93zRa0KVuge2dCOQQ==",
      "peerDependencies": {
        "@bufbuild/protobuf": "^1.2.0"
      }
    },
    "node_modules/browser-or-node": {
      "version": "2.1.1",
      "resolved": "https://registry.npmjs.org/browser-or-node/-/browser-or-node-2.1.1.tgz",
      "integrity": "sha512-8CVjaLJGuSKMVTxJ2DpBl5XnlNDiT4cQFeuCJJrvJmts9YrTZDizTX7PjC2s6W4x+MBGZeEY6dGMrF04/6Hgqg=="
    },
    "node_modules/esbuild": {
      "version": "0.17.19",
      "resolved": "https://registry.npmjs.org/esbuild/-/esbuild-0.17.19.tgz",
      "integrity": "sha512-XQ0jAPFkK/u3LcVRcvVHQcTIqD6E2H1fvZMA5dQPSOWb3suUbWbfbRf94pjc0bNzRYLfIrDRQXr7X+LHIm5oHw==",
      "hasInstallScript": true,
      "bin": {
        "esbuild": "bin/esbuild"
      },
      "engines": {
        "node": ">=12"
      },
      "optionalDependencies": {
        "@esbuild/android-arm": "0.17.19",
        "@esbuild/android-arm64": "0.17.19",
        "@esbuild/android-x64": "0.17.19",
        "@esbuild/darwin-arm64": "0.17.19",
        "@esbuild/darwin-x64": "0.17.19",
        "@esbuild/freebsd-arm64": "0.17.19",
        "@esbuild/freebsd-x64": "0.17.19",
        "@esbuild/linux-arm": "0.17.19",
        "@esbuild/linux-arm64": "0.17.19",
        "@esbuild/linux-ia32": "0.17.19",
        "@esbuild/linux-loong64": "0.17.19",
        "@esbuild/linux-mips64el": "0.17.19",
        "@esbuild/linux-ppc64": "0.17.19",
        "@esbuild/linux-riscv64": "0.17.19",
        "@esbuild/linux-s390x": "0.17.19",
        "@esbuild/linux-x64": "0.17.19",
        "@esbuild/netbsd-x64": "0.17.19",
        "@esbuild/openbsd-x64": "0.17.19",
        "@esbuild/sunos-x64": "0.17.19",
        "@esbuild/win32-arm64": "0.17.19",
        "@esbuild/win32-ia32": "0.17.19",
        "@esbuild/win32-x64": "0.17.19"
      }
    },
    "node_modules/headers-polyfill": {
      "version": "3.1.2",
      "resolved": "https://registry.npmjs.org/headers-polyfill/-/headers-polyfill-3.1.2.tgz",
      "integrity": "sha512-tWCK4biJ6hcLqTviLXVR9DTRfYGQMXEIUj3gwJ2rZ5wO/at3XtkI4g8mCvFdUF9l1KMBNCfmNAdnahm1cgavQA=="
    }
  }
}
